
Microsoft Visual Studio Solution File, Format Version 12.00
# Visual Studio Version 17
VisualStudioVersion = 17.8.34330.188
MinimumVisualStudioVersion = 10.0.40219.1
Project("{9A19103F-16F7-4668-BE54-9A1E7A4F7556}") = "Application", "Application\Application.csproj", "{95B4C956-BE57-4862-A949-FDD93FE94625}"
EndProject
Project("{00D1A9C2-B5F0-4AF3-8072-F6C62B433612}") = "DB.SqlServer", "DB.SqlServer\DB.SqlServer.sqlproj", "{3290B4A0-1718-4329-BB27-08924EA3383B}"
EndProject
Project("{9A19103F-16F7-4668-BE54-9A1E7A4F7556}") = "TMDB", "TMDB\TMDB.csproj", "{02E91992-52CD-49AE-86B3-890FDA6DB130}"
EndProject
Project("{FAE04EC0-301F-11D3-BF4B-00C04F79EFBC}") = "Domain", "Domain\Domain.csproj", "{C13A2E1B-C296-49C0-A695-691B38C32602}"
EndProject
Global
	GlobalSection(SolutionConfigurationPlatforms) = preSolution
		Debug|Any CPU = Debug|Any CPU
		Release|Any CPU = Release|Any CPU
	EndGlobalSection
	GlobalSection(ProjectConfigurationPlatforms) = postSolution
		{95B4C956-BE57-4862-A949-FDD93FE94625}.Debug|Any CPU.ActiveCfg = Debug|Any CPU
		{95B4C956-BE57-4862-A949-FDD93FE94625}.Debug|Any CPU.Build.0 = Debug|Any CPU
		{95B4C956-BE57-4862-A949-FDD93FE94625}.Release|Any CPU.ActiveCfg = Release|Any CPU
		{95B4C956-BE57-4862-A949-FDD93FE94625}.Release|Any CPU.Build.0 = Release|Any CPU
		{3290B4A0-1718-4329-BB27-08924EA3383B}.Debug|Any CPU.ActiveCfg = Debug|Any CPU
		{3290B4A0-1718-4329-BB27-08924EA3383B}.Debug|Any CPU.Build.0 = Debug|Any CPU
		{3290B4A0-1718-4329-BB27-08924EA3383B}.Debug|Any CPU.Deploy.0 = Debug|Any CPU
		{3290B4A0-1718-4329-BB27-08924EA3383B}.Release|Any CPU.ActiveCfg = Release|Any CPU
		{3290B4A0-1718-4329-BB27-08924EA3383B}.Release|Any CPU.Build.0 = Release|Any CPU
		{3290B4A0-1718-4329-BB27-08924EA3383B}.Release|Any CPU.Deploy.0 = Release|Any CPU
		{02E91992-52CD-49AE-86B3-890FDA6DB130}.Debug|Any CPU.ActiveCfg = Debug|Any CPU
		{02E91992-52CD-49AE-86B3-890FDA6DB130}.Debug|Any CPU.Build.0 = Debug|Any CPU
		{02E91992-52CD-49AE-86B3-890FDA6DB130}.Release|Any CPU.ActiveCfg = Release|Any CPU
		{02E91992-52CD-49AE-86B3-890FDA6DB130}.Release|Any CPU.Build.0 = Release|Any CPU
		{C13A2E1B-C296-49C0-A695-691B38C32602}.Debug|Any CPU.ActiveCfg = Debug|Any CPU
		{C13A2E1B-C296-49C0-A695-691B38C32602}.Debug|Any CPU.Build.0 = Debug|Any CPU
		{C13A2E1B-C296-49C0-A695-691B38C32602}.Release|Any CPU.ActiveCfg = Release|Any CPU
		{C13A2E1B-C296-49C0-A695-691B38C32602}.Release|Any CPU.Build.0 = Release|Any CPU
	EndGlobalSection
	GlobalSection(SolutionProperties) = preSolution
		HideSolutionNode = FALSE
	EndGlobalSection
	GlobalSection(ExtensibilityGlobals) = postSolution
		SolutionGuid = {053CECC1-312B-45DF-A66D-8BBBF25EE7EA}
	EndGlobalSection
EndGlobal
